// !$*UTF8*$!
{
	archiveVersion = 1;
	classes = {
	};
	objectVersion = 50;
	objects = {

/* Begin PBXBuildFile section */
		16CF6E5B252B4A7A004BB06C /* EmojibookApp.swift in Sources */ = {isa = PBXBuildFile; fileRef = 16CF6E5A252B4A7A004BB06C /* EmojibookApp.swift */; };
		16CF6E5D252B4A7A004BB06C /* EmojibookListView.swift in Sources */ = {isa = PBXBuildFile; fileRef = 16CF6E5C252B4A7A004BB06C /* EmojibookListView.swift */; };
		16CF6E5F252B4A7B004BB06C /* Assets.xcassets in Resources */ = {isa = PBXBuildFile; fileRef = 16CF6E5E252B4A7B004BB06C /* Assets.xcassets */; };
		16CF6E62252B4A7B004BB06C /* Preview Assets.xcassets in Resources */ = {isa = PBXBuildFile; fileRef = 16CF6E61252B4A7B004BB06C /* Preview Assets.xcassets */; };
		16CF6E6E252B5A40004BB06C /* Emoji.swift in Sources */ = {isa = PBXBuildFile; fileRef = 16CF6E6D252B5A40004BB06C /* Emoji.swift */; };
		16CF6EA8252DFAFF004BB06C /* WidgetKit.framework in Frameworks */ = {isa = PBXBuildFile; fileRef = 16CF6EA7252DFAFF004BB06C /* WidgetKit.framework */; };
		16CF6EAA252DFAFF004BB06C /* SwiftUI.framework in Frameworks */ = {isa = PBXBuildFile; fileRef = 16CF6EA9252DFAFF004BB06C /* SwiftUI.framework */; };
		16CF6EAD252DFAFF004BB06C /* EmojibookWidget.swift in Sources */ = {isa = PBXBuildFile; fileRef = 16CF6EAC252DFAFF004BB06C /* EmojibookWidget.swift */; };
		16CF6EB0252DFB00004BB06C /* Assets.xcassets in Resources */ = {isa = PBXBuildFile; fileRef = 16CF6EAF252DFB00004BB06C /* Assets.xcassets */; };
		16CF6EB2252DFB00004BB06C /* EmojibookWidget.intentdefinition in Sources */ = {isa = PBXBuildFile; fileRef = 16CF6EAE252DFAFF004BB06C /* EmojibookWidget.intentdefinition */; };
		16CF6EB3252DFB00004BB06C /* EmojibookWidget.intentdefinition in Sources */ = {isa = PBXBuildFile; fileRef = 16CF6EAE252DFAFF004BB06C /* EmojibookWidget.intentdefinition */; };
		16CF6EB6252DFB00004BB06C /* EmojibookWidgetExtension.appex in Embed App Extensions */ = {isa = PBXBuildFile; fileRef = 16CF6EA5252DFAFF004BB06C /* EmojibookWidgetExtension.appex */; settings = {ATTRIBUTES = (RemoveHeadersOnCopy, ); }; };
		16CF6EBD252F3101004BB06C /* Emoji.swift in Sources */ = {isa = PBXBuildFile; fileRef = 16CF6E6D252B5A40004BB06C /* Emoji.swift */; };
		16CF6EC0252F3106004BB06C /* EmojibookListView.swift in Sources */ = {isa = PBXBuildFile; fileRef = 16CF6E5C252B4A7A004BB06C /* EmojibookListView.swift */; };
		16CF6EC4252F319A004BB06C /* EmojiWidgetView.swift in Sources */ = {isa = PBXBuildFile; fileRef = 16CF6EC3252F319A004BB06C /* EmojiWidgetView.swift */; };
		16CF6EC5252F319A004BB06C /* EmojiWidgetView.swift in Sources */ = {isa = PBXBuildFile; fileRef = 16CF6EC3252F319A004BB06C /* EmojiWidgetView.swift */; };
/* End PBXBuildFile section */

/* Begin PBXContainerItemProxy section */
		16CF6EB4252DFB00004BB06C /* PBXContainerItemProxy */ = {
			isa = PBXContainerItemProxy;
			containerPortal = 16CF6E4F252B4A7A004BB06C /* Project object */;
			proxyType = 1;
			remoteGlobalIDString = 16CF6EA4252DFAFF004BB06C;
			remoteInfo = EmojibookWidgetExtension;
		};
/* End PBXContainerItemProxy section */

/* Begin PBXCopyFilesBuildPhase section */
		16CF6EB7252DFB00004BB06C /* Embed App Extensions */ = {
			isa = PBXCopyFilesBuildPhase;
			buildActionMask = 2147483647;
			dstPath = "";
			dstSubfolderSpec = 13;
			files = (
				16CF6EB6252DFB00004BB06C /* EmojibookWidgetExtension.appex in Embed App Extensions */,
			);
			name = "Embed App Extensions";
			runOnlyForDeploymentPostprocessing = 0;
		};
/* End PBXCopyFilesBuildPhase section */

/* Begin PBXFileReference section */
		16CF6E57252B4A7A004BB06C /* Emojibook.app */ = {isa = PBXFileReference; explicitFileType = wrapper.application; includeInIndex = 0; path = Emojibook.app; sourceTree = BUILT_PRODUCTS_DIR; };
		16CF6E5A252B4A7A004BB06C /* EmojibookApp.swift */ = {isa = PBXFileReference; lastKnownFileType = sourcecode.swift; path = EmojibookApp.swift; sourceTree = "<group>"; };
		16CF6E5C252B4A7A004BB06C /* EmojibookListView.swift */ = {isa = PBXFileReference; lastKnownFileType = sourcecode.swift; path = EmojibookListView.swift; sourceTree = "<group>"; };
		16CF6E5E252B4A7B004BB06C /* Assets.xcassets */ = {isa = PBXFileReference; lastKnownFileType = folder.assetcatalog; path = Assets.xcassets; sourceTree = "<group>"; };
		16CF6E61252B4A7B004BB06C /* Preview Assets.xcassets */ = {isa = PBXFileReference; lastKnownFileType = folder.assetcatalog; path = "Preview Assets.xcassets"; sourceTree = "<group>"; };
		16CF6E63252B4A7B004BB06C /* Info.plist */ = {isa = PBXFileReference; lastKnownFileType = text.plist.xml; path = Info.plist; sourceTree = "<group>"; };
		16CF6E6D252B5A40004BB06C /* Emoji.swift */ = {isa = PBXFileReference; lastKnownFileType = sourcecode.swift; path = Emoji.swift; sourceTree = "<group>"; };
		16CF6EA5252DFAFF004BB06C /* EmojibookWidgetExtension.appex */ = {isa = PBXFileReference; explicitFileType = "wrapper.app-extension"; includeInIndex = 0; path = EmojibookWidgetExtension.appex; sourceTree = BUILT_PRODUCTS_DIR; };
		16CF6EA7252DFAFF004BB06C /* WidgetKit.framework */ = {isa = PBXFileReference; lastKnownFileType = wrapper.framework; name = WidgetKit.framework; path = System/Library/Frameworks/WidgetKit.framework; sourceTree = SDKROOT; };
		16CF6EA9252DFAFF004BB06C /* SwiftUI.framework */ = {isa = PBXFileReference; lastKnownFileType = wrapper.framework; name = SwiftUI.framework; path = System/Library/Frameworks/SwiftUI.framework; sourceTree = SDKROOT; };
		16CF6EAC252DFAFF004BB06C /* EmojibookWidget.swift */ = {isa = PBXFileReference; lastKnownFileType = sourcecode.swift; path = EmojibookWidget.swift; sourceTree = "<group>"; };
		16CF6EAE252DFAFF004BB06C /* EmojibookWidget.intentdefinition */ = {isa = PBXFileReference; lastKnownFileType = file.intentdefinition; path = EmojibookWidget.intentdefinition; sourceTree = "<group>"; };
		16CF6EAF252DFB00004BB06C /* Assets.xcassets */ = {isa = PBXFileReference; lastKnownFileType = folder.assetcatalog; path = Assets.xcassets; sourceTree = "<group>"; };
		16CF6EB1252DFB00004BB06C /* Info.plist */ = {isa = PBXFileReference; lastKnownFileType = text.plist.xml; path = Info.plist; sourceTree = "<group>"; };
		16CF6EC3252F319A004BB06C /* EmojiWidgetView.swift */ = {isa = PBXFileReference; lastKnownFileType = sourcecode.swift; path = EmojiWidgetView.swift; sourceTree = "<group>"; };
/* End PBXFileReference section */

/* Begin PBXFrameworksBuildPhase section */
		16CF6E54252B4A7A004BB06C /* Frameworks */ = {
			isa = PBXFrameworksBuildPhase;
			buildActionMask = 2147483647;
			files = (
			);
			runOnlyForDeploymentPostprocessing = 0;
		};
		16CF6EA2252DFAFF004BB06C /* Frameworks */ = {
			isa = PBXFrameworksBuildPhase;
			buildActionMask = 2147483647;
			files = (
				16CF6EAA252DFAFF004BB06C /* SwiftUI.framework in Frameworks */,
				16CF6EA8252DFAFF004BB06C /* WidgetKit.framework in Frameworks */,
			);
			runOnlyForDeploymentPostprocessing = 0;
		};
/* End PBXFrameworksBuildPhase section */

/* Begin PBXGroup section */
		16CF6E4E252B4A7A004BB06C = {
			isa = PBXGroup;
			children = (
				16CF6E59252B4A7A004BB06C /* Emojibook */,
				16CF6EAB252DFAFF004BB06C /* EmojibookWidget */,
				16CF6EA6252DFAFF004BB06C /* Frameworks */,
				16CF6E58252B4A7A004BB06C /* Products */,
			);
			sourceTree = "<group>";
		};
		16CF6E58252B4A7A004BB06C /* Products */ = {
			isa = PBXGroup;
			children = (
				16CF6E57252B4A7A004BB06C /* Emojibook.app */,
				16CF6EA5252DFAFF004BB06C /* EmojibookWidgetExtension.appex */,
			);
			name = Products;
			sourceTree = "<group>";
		};
		16CF6E59252B4A7A004BB06C /* Emojibook */ = {
			isa = PBXGroup;
			children = (
				16CF6E5A252B4A7A004BB06C /* EmojibookApp.swift */,
				16CF6E6D252B5A40004BB06C /* Emoji.swift */,
				16CF6E5C252B4A7A004BB06C /* EmojibookListView.swift */,
				16CF6E5E252B4A7B004BB06C /* Assets.xcassets */,
				16CF6E63252B4A7B004BB06C /* Info.plist */,
				16CF6E60252B4A7B004BB06C /* Preview Content */,
			);
			path = Emojibook;
			sourceTree = "<group>";
		};
		16CF6E60252B4A7B004BB06C /* Preview Content */ = {
			isa = PBXGroup;
			children = (
				16CF6E61252B4A7B004BB06C /* Preview Assets.xcassets */,
			);
			path = "Preview Content";
			sourceTree = "<group>";
		};
		16CF6EA6252DFAFF004BB06C /* Frameworks */ = {
			isa = PBXGroup;
			children = (
				16CF6EA7252DFAFF004BB06C /* WidgetKit.framework */,
				16CF6EA9252DFAFF004BB06C /* SwiftUI.framework */,
			);
			name = Frameworks;
			sourceTree = "<group>";
		};
		16CF6EAB252DFAFF004BB06C /* EmojibookWidget */ = {
			isa = PBXGroup;
			children = (
				16CF6EAC252DFAFF004BB06C /* EmojibookWidget.swift */,
				16CF6EC3252F319A004BB06C /* EmojiWidgetView.swift */,
				16CF6EAE252DFAFF004BB06C /* EmojibookWidget.intentdefinition */,
				16CF6EAF252DFB00004BB06C /* Assets.xcassets */,
				16CF6EB1252DFB00004BB06C /* Info.plist */,
			);
			path = EmojibookWidget;
			sourceTree = "<group>";
		};
/* End PBXGroup section */

/* Begin PBXNativeTarget section */
		16CF6E56252B4A7A004BB06C /* Emojibook */ = {
			isa = PBXNativeTarget;
			buildConfigurationList = 16CF6E66252B4A7B004BB06C /* Build configuration list for PBXNativeTarget "Emojibook" */;
			buildPhases = (
				16CF6E53252B4A7A004BB06C /* Sources */,
				16CF6E54252B4A7A004BB06C /* Frameworks */,
				16CF6E55252B4A7A004BB06C /* Resources */,
				16CF6EB7252DFB00004BB06C /* Embed App Extensions */,
			);
			buildRules = (
			);
			dependencies = (
				16CF6EB5252DFB00004BB06C /* PBXTargetDependency */,
			);
			name = Emojibook;
			productName = Emojibook;
			productReference = 16CF6E57252B4A7A004BB06C /* Emojibook.app */;
			productType = "com.apple.product-type.application";
		};
		16CF6EA4252DFAFF004BB06C /* EmojibookWidgetExtension */ = {
			isa = PBXNativeTarget;
			buildConfigurationList = 16CF6EBA252DFB00004BB06C /* Build configuration list for PBXNativeTarget "EmojibookWidgetExtension" */;
			buildPhases = (
				16CF6EA1252DFAFF004BB06C /* Sources */,
				16CF6EA2252DFAFF004BB06C /* Frameworks */,
				16CF6EA3252DFAFF004BB06C /* Resources */,
			);
			buildRules = (
			);
			dependencies = (
			);
			name = EmojibookWidgetExtension;
			productName = EmojibookWidgetExtension;
			productReference = 16CF6EA5252DFAFF004BB06C /* EmojibookWidgetExtension.appex */;
			productType = "com.apple.product-type.app-extension";
		};
/* End PBXNativeTarget section */

/* Begin PBXProject section */
		16CF6E4F252B4A7A004BB06C /* Project object */ = {
			isa = PBXProject;
			attributes = {
				LastSwiftUpdateCheck = 1200;
				LastUpgradeCheck = 1200;
				TargetAttributes = {
					16CF6E56252B4A7A004BB06C = {
						CreatedOnToolsVersion = 12.0;
					};
					16CF6EA4252DFAFF004BB06C = {
						CreatedOnToolsVersion = 12.0;
					};
				};
			};
			buildConfigurationList = 16CF6E52252B4A7A004BB06C /* Build configuration list for PBXProject "Emojibook" */;
			compatibilityVersion = "Xcode 9.3";
			developmentRegion = en;
			hasScannedForEncodings = 0;
			knownRegions = (
				en,
				Base,
			);
			mainGroup = 16CF6E4E252B4A7A004BB06C;
			productRefGroup = 16CF6E58252B4A7A004BB06C /* Products */;
			projectDirPath = "";
			projectRoot = "";
			targets = (
				16CF6E56252B4A7A004BB06C /* Emojibook */,
				16CF6EA4252DFAFF004BB06C /* EmojibookWidgetExtension */,
			);
		};
/* End PBXProject section */

/* Begin PBXResourcesBuildPhase section */
		16CF6E55252B4A7A004BB06C /* Resources */ = {
			isa = PBXResourcesBuildPhase;
			buildActionMask = 2147483647;
			files = (
				16CF6E62252B4A7B004BB06C /* Preview Assets.xcassets in Resources */,
				16CF6E5F252B4A7B004BB06C /* Assets.xcassets in Resources */,
			);
			runOnlyForDeploymentPostprocessing = 0;
		};
		16CF6EA3252DFAFF004BB06C /* Resources */ = {
			isa = PBXResourcesBuildPhase;
			buildActionMask = 2147483647;
			files = (
				16CF6EB0252DFB00004BB06C /* Assets.xcassets in Resources */,
			);
			runOnlyForDeploymentPostprocessing = 0;
		};
/* End PBXResourcesBuildPhase section */

/* Begin PBXSourcesBuildPhase section */
		16CF6E53252B4A7A004BB06C /* Sources */ = {
			isa = PBXSourcesBuildPhase;
			buildActionMask = 2147483647;
			files = (
				16CF6EB3252DFB00004BB06C /* EmojibookWidget.intentdefinition in Sources */,
				16CF6E6E252B5A40004BB06C /* Emoji.swift in Sources */,
				16CF6EC4252F319A004BB06C /* EmojiWidgetView.swift in Sources */,
				16CF6E5D252B4A7A004BB06C /* EmojibookListView.swift in Sources */,
				16CF6E5B252B4A7A004BB06C /* EmojibookApp.swift in Sources */,
			);
			runOnlyForDeploymentPostprocessing = 0;
		};
		16CF6EA1252DFAFF004BB06C /* Sources */ = {
			isa = PBXSourcesBuildPhase;
			buildActionMask = 2147483647;
			files = (
				16CF6EC0252F3106004BB06C /* EmojibookListView.swift in Sources */,
				16CF6EBD252F3101004BB06C /* Emoji.swift in Sources */,
				16CF6EC5252F319A004BB06C /* EmojiWidgetView.swift in Sources */,
				16CF6EB2252DFB00004BB06C /* EmojibookWidget.intentdefinition in Sources */,
				16CF6EAD252DFAFF004BB06C /* EmojibookWidget.swift in Sources */,
			);
			runOnlyForDeploymentPostprocessing = 0;
		};
/* End PBXSourcesBuildPhase section */

/* Begin PBXTargetDependency section */
		16CF6EB5252DFB00004BB06C /* PBXTargetDependency */ = {
			isa = PBXTargetDependency;
			target = 16CF6EA4252DFAFF004BB06C /* EmojibookWidgetExtension */;
			targetProxy = 16CF6EB4252DFB00004BB06C /* PBXContainerItemProxy */;
		};
/* End PBXTargetDependency section */

/* Begin XCBuildConfiguration section */
		16CF6E64252B4A7B004BB06C /* Debug */ = {
			isa = XCBuildConfiguration;
			buildSettings = {
				ALWAYS_SEARCH_USER_PATHS = NO;
				CLANG_ANALYZER_NONNULL = YES;
				CLANG_ANALYZER_NUMBER_OBJECT_CONVERSION = YES_AGGRESSIVE;
				CLANG_CXX_LANGUAGE_STANDARD = "gnu++14";
				CLANG_CXX_LIBRARY = "libc++";
				CLANG_ENABLE_MODULES = YES;
				CLANG_ENABLE_OBJC_ARC = YES;
				CLANG_ENABLE_OBJC_WEAK = YES;
				CLANG_WARN_BLOCK_CAPTURE_AUTORELEASING = YES;
				CLANG_WARN_BOOL_CONVERSION = YES;
				CLANG_WARN_COMMA = YES;
				CLANG_WARN_CONSTANT_CONVERSION = YES;
				CLANG_WARN_DEPRECATED_OBJC_IMPLEMENTATIONS = YES;
				CLANG_WARN_DIRECT_OBJC_ISA_USAGE = YES_ERROR;
				CLANG_WARN_DOCUMENTATION_COMMENTS = YES;
				CLANG_WARN_EMPTY_BODY = YES;
				CLANG_WARN_ENUM_CONVERSION = YES;
				CLANG_WARN_INFINITE_RECURSION = YES;
				CLANG_WARN_INT_CONVERSION = YES;
				CLANG_WARN_NON_LITERAL_NULL_CONVERSION = YES;
				CLANG_WARN_OBJC_IMPLICIT_RETAIN_SELF = YES;
				CLANG_WARN_OBJC_LITERAL_CONVERSION = YES;
				CLANG_WARN_OBJC_ROOT_CLASS = YES_ERROR;
				CLANG_WARN_QUOTED_INCLUDE_IN_FRAMEWORK_HEADER = YES;
				CLANG_WARN_RANGE_LOOP_ANALYSIS = YES;
				CLANG_WARN_STRICT_PROTOTYPES = YES;
				CLANG_WARN_SUSPICIOUS_MOVE = YES;
				CLANG_WARN_UNGUARDED_AVAILABILITY = YES_AGGRESSIVE;
				CLANG_WARN_UNREACHABLE_CODE = YES;
				CLANG_WARN__DUPLICATE_METHOD_MATCH = YES;
				COPY_PHASE_STRIP = NO;
				DEBUG_INFORMATION_FORMAT = dwarf;
				ENABLE_STRICT_OBJC_MSGSEND = YES;
				ENABLE_TESTABILITY = YES;
				GCC_C_LANGUAGE_STANDARD = gnu11;
				GCC_DYNAMIC_NO_PIC = NO;
				GCC_NO_COMMON_BLOCKS = YES;
				GCC_OPTIMIZATION_LEVEL = 0;
				GCC_PREPROCESSOR_DEFINITIONS = (
					"DEBUG=1",
					"$(inherited)",
				);
				GCC_WARN_64_TO_32_BIT_CONVERSION = YES;
				GCC_WARN_ABOUT_RETURN_TYPE = YES_ERROR;
				GCC_WARN_UNDECLARED_SELECTOR = YES;
				GCC_WARN_UNINITIALIZED_AUTOS = YES_AGGRESSIVE;
				GCC_WARN_UNUSED_FUNCTION = YES;
				GCC_WARN_UNUSED_VARIABLE = YES;
				IPHONEOS_DEPLOYMENT_TARGET = 14.0;
				MTL_ENABLE_DEBUG_INFO = INCLUDE_SOURCE;
				MTL_FAST_MATH = YES;
				ONLY_ACTIVE_ARCH = YES;
				SDKROOT = iphoneos;
				SWIFT_ACTIVE_COMPILATION_CONDITIONS = DEBUG;
				SWIFT_OPTIMIZATION_LEVEL = "-Onone";
			};
			name = Debug;
		};
		16CF6E65252B4A7B004BB06C /* Release */ = {
			isa = XCBuildConfiguration;
			buildSettings = {
				ALWAYS_SEARCH_USER_PATHS = NO;
				CLANG_ANALYZER_NONNULL = YES;
				CLANG_ANALYZER_NUMBER_OBJECT_CONVERSION = YES_AGGRESSIVE;
				CLANG_CXX_LANGUAGE_STANDARD = "gnu++14";
				CLANG_CXX_LIBRARY = "libc++";
				CLANG_ENABLE_MODULES = YES;
				CLANG_ENABLE_OBJC_ARC = YES;
				CLANG_ENABLE_OBJC_WEAK = YES;
				CLANG_WARN_BLOCK_CAPTURE_AUTORELEASING = YES;
				CLANG_WARN_BOOL_CONVERSION = YES;
				CLANG_WARN_COMMA = YES;
				CLANG_WARN_CONSTANT_CONVERSION = YES;
				CLANG_WARN_DEPRECATED_OBJC_IMPLEMENTATIONS = YES;
				CLANG_WARN_DIRECT_OBJC_ISA_USAGE = YES_ERROR;
				CLANG_WARN_DOCUMENTATION_COMMENTS = YES;
				CLANG_WARN_EMPTY_BODY = YES;
				CLANG_WARN_ENUM_CONVERSION = YES;
				CLANG_WARN_INFINITE_RECURSION = YES;
				CLANG_WARN_INT_CONVERSION = YES;
				CLANG_WARN_NON_LITERAL_NULL_CONVERSION = YES;
				CLANG_WARN_OBJC_IMPLICIT_RETAIN_SELF = YES;
				CLANG_WARN_OBJC_LITERAL_CONVERSION = YES;
				CLANG_WARN_OBJC_ROOT_CLASS = YES_ERROR;
				CLANG_WARN_QUOTED_INCLUDE_IN_FRAMEWORK_HEADER = YES;
				CLANG_WARN_RANGE_LOOP_ANALYSIS = YES;
				CLANG_WARN_STRICT_PROTOTYPES = YES;
				CLANG_WARN_SUSPICIOUS_MOVE = YES;
				CLANG_WARN_UNGUARDED_AVAILABILITY = YES_AGGRESSIVE;
				CLANG_WARN_UNREACHABLE_CODE = YES;
				CLANG_WARN__DUPLICATE_METHOD_MATCH = YES;
				COPY_PHASE_STRIP = NO;
				DEBUG_INFORMATION_FORMAT = "dwarf-with-dsym";
				ENABLE_NS_ASSERTIONS = NO;
				ENABLE_STRICT_OBJC_MSGSEND = YES;
				GCC_C_LANGUAGE_STANDARD = gnu11;
				GCC_NO_COMMON_BLOCKS = YES;
				GCC_WARN_64_TO_32_BIT_CONVERSION = YES;
				GCC_WARN_ABOUT_RETURN_TYPE = YES_ERROR;
				GCC_WARN_UNDECLARED_SELECTOR = YES;
				GCC_WARN_UNINITIALIZED_AUTOS = YES_AGGRESSIVE;
				GCC_WARN_UNUSED_FUNCTION = YES;
				GCC_WARN_UNUSED_VARIABLE = YES;
				IPHONEOS_DEPLOYMENT_TARGET = 14.0;
				MTL_ENABLE_DEBUG_INFO = NO;
				MTL_FAST_MATH = YES;
				SDKROOT = iphoneos;
				SWIFT_COMPILATION_MODE = wholemodule;
				SWIFT_OPTIMIZATION_LEVEL = "-O";
				VALIDATE_PRODUCT = YES;
			};
			name = Release;
		};
		16CF6E67252B4A7B004BB06C /* Debug */ = {
			isa = XCBuildConfiguration;
			buildSettings = {
				ALWAYS_EMBED_SWIFT_STANDARD_LIBRARIES = YES;
				ASSETCATALOG_COMPILER_APPICON_NAME = AppIcon;
				ASSETCATALOG_COMPILER_GLOBAL_ACCENT_COLOR_NAME = AccentColor;
				CODE_SIGN_STYLE = Automatic;
				DEVELOPMENT_ASSET_PATHS = "\"Emojibook/Preview Content\"";
				DEVELOPMENT_TEAM = CLLJ787FV4;
				ENABLE_PREVIEWS = YES;
				INFOPLIST_FILE = Emojibook/Info.plist;
				IPHONEOS_DEPLOYMENT_TARGET = 14.0;
				LD_RUNPATH_SEARCH_PATHS = (
					"$(inherited)",
					"@executable_path/Frameworks",
				);
				PRODUCT_BUNDLE_IDENTIFIER = com.rakuishi.Emojibook;
				PRODUCT_NAME = "$(TARGET_NAME)";
				SWIFT_VERSION = 5.0;
				TARGETED_DEVICE_FAMILY = "1,2";
			};
			name = Debug;
		};
		16CF6E68252B4A7B004BB06C /* Release */ = {
			isa = XCBuildConfiguration;
			buildSettings = {
				ALWAYS_EMBED_SWIFT_STANDARD_LIBRARIES = YES;
				ASSETCATALOG_COMPILER_APPICON_NAME = AppIcon;
				ASSETCATALOG_COMPILER_GLOBAL_ACCENT_COLOR_NAME = AccentColor;
				CODE_SIGN_STYLE = Automatic;
				DEVELOPMENT_ASSET_PATHS = "\"Emojibook/Preview Content\"";
				DEVELOPMENT_TEAM = CLLJ787FV4;
				ENABLE_PREVIEWS = YES;
				INFOPLIST_FILE = Emojibook/Info.plist;
				IPHONEOS_DEPLOYMENT_TARGET = 14.0;
				LD_RUNPATH_SEARCH_PATHS = (
					"$(inherited)",
					"@executable_path/Frameworks",
				);
				PRODUCT_BUNDLE_IDENTIFIER = com.rakuishi.Emojibook;
				PRODUCT_NAME = "$(TARGET_NAME)";
				SWIFT_VERSION = 5.0;
				TARGETED_DEVICE_FAMILY = "1,2";
			};
			name = Release;
		};
		16CF6EB8252DFB00004BB06C /* Debug */ = {
			isa = XCBuildConfiguration;
			buildSettings = {
				ASSETCATALOG_COMPILER_GLOBAL_ACCENT_COLOR_NAME = AccentColor;
				ASSETCATALOG_COMPILER_WIDGET_BACKGROUND_COLOR_NAME = WidgetBackground;
				CODE_SIGN_STYLE = Automatic;
				DEVELOPMENT_TEAM = CLLJ787FV4;
				INFOPLIST_FILE = EmojibookWidget/Info.plist;
				LD_RUNPATH_SEARCH_PATHS = (
					"$(inherited)",
					"@executable_path/Frameworks",
					"@executable_path/../../Frameworks",
				);
				PRODUCT_BUNDLE_IDENTIFIER = com.rakuishi.Emojibook.EmojibookWidget;
				PRODUCT_NAME = "$(TARGET_NAME)";
				SKIP_INSTALL = YES;
				SWIFT_VERSION = 5.0;
				TARGETED_DEVICE_FAMILY = "1,2";
			};
			name = Debug;
		};
		16CF6EB9252DFB00004BB06C /* Release */ = {
			isa = XCBuildConfiguration;
			buildSettings = {
				ASSETCATALOG_COMPILER_GLOBAL_ACCENT_COLOR_NAME = AccentColor;
				ASSETCATALOG_COMPILER_WIDGET_BACKGROUND_COLOR_NAME = WidgetBackground;
				CODE_SIGN_STYLE = Automatic;
				DEVELOPMENT_TEAM = CLLJ787FV4;
				INFOPLIST_FILE = EmojibookWidget/Info.plist;
				LD_RUNPATH_SEARCH_PATHS = (
					"$(inherited)",
					"@executable_path/Frameworks",
					"@executable_path/../../Frameworks",
				);
				PRODUCT_BUNDLE_IDENTIFIER = com.rakuishi.Emojibook.EmojibookWidget;
				PRODUCT_NAME = "$(TARGET_NAME)";
				SKIP_INSTALL = YES;
				SWIFT_VERSION = 5.0;
				TARGETED_DEVICE_FAMILY = "1,2";
			};
			name = Release;
		};
/* End XCBuildConfiguration section */

/* Begin XCConfigurationList section */
		16CF6E52252B4A7A004BB06C /* Build configuration list for PBXProject "Emojibook" */ = {
			isa = XCConfigurationList;
			buildConfigurations = (
				16CF6E64252B4A7B004BB06C /* Debug */,
				16CF6E65252B4A7B004BB06C /* Release */,
			);
			defaultConfigurationIsVisible = 0;
			defaultConfigurationName = Release;
		};
		16CF6E66252B4A7B004BB06C /* Build configuration list for PBXNativeTarget "Emojibook" */ = {
			isa = XCConfigurationList;
			buildConfigurations = (
				16CF6E67252B4A7B004BB06C /* Debug */,
				16CF6E68252B4A7B004BB06C /* Release */,
			);
			defaultConfigurationIsVisible = 0;
			defaultConfigurationName = Release;
		};
		16CF6EBA252DFB00004BB06C /* Build configuration list for PBXNativeTarget "EmojibookWidgetExtension" */ = {
			isa = XCConfigurationList;
			buildConfigurations = (
				16CF6EB8252DFB00004BB06C /* Debug */,
				16CF6EB9252DFB00004BB06C /* Release */,
			);
			defaultConfigurationIsVisible = 0;
			defaultConfigurationName = Release;
		};
/* End XCConfigurationList section */
	};
	rootObject = 16CF6E4F252B4A7A004BB06C /* Project object */;
}
